// !$*UTF8*$!
{
	archiveVersion = 1;
	classes = {
	};
	objectVersion = 46;
	objects = {

/* Begin PBXBuildFile section */
		B223260D1AD423E50075FC62 /* UITextField+SecText.h in Headers */ = {isa = PBXBuildFile; fileRef = B223260B1AD423E50075FC62 /* UITextField+SecText.h */; settings = {ATTRIBUTES = (Public, ); }; };
		B223260E1AD423E50075FC62 /* UITextField+SecText.m in Sources */ = {isa = PBXBuildFile; fileRef = B223260C1AD423E50075FC62 /* UITextField+SecText.m */; };
		B22326111AD423F30075FC62 /* UIView+SecText.h in Headers */ = {isa = PBXBuildFile; fileRef = B223260F1AD423F30075FC62 /* UIView+SecText.h */; settings = {ATTRIBUTES = (Public, ); }; };
		B22326121AD423F30075FC62 /* UIView+SecText.m in Sources */ = {isa = PBXBuildFile; fileRef = B22326101AD423F30075FC62 /* UIView+SecText.m */; };
		B22326151AD43B670075FC62 /* UIViewController+SecText.h in Headers */ = {isa = PBXBuildFile; fileRef = B22326131AD43B670075FC62 /* UIViewController+SecText.h */; settings = {ATTRIBUTES = (Public, ); }; };
		B22326161AD43B670075FC62 /* UIViewController+SecText.m in Sources */ = {isa = PBXBuildFile; fileRef = B22326141AD43B670075FC62 /* UIViewController+SecText.m */; };
		B22326181AD479070075FC62 /* SecImports.h in Headers */ = {isa = PBXBuildFile; fileRef = B22326171AD478990075FC62 /* SecImports.h */; settings = {ATTRIBUTES = (Public, ); }; };
		B223261C1AD47A3D0075FC62 /* SecLog.h in Headers */ = {isa = PBXBuildFile; fileRef = B223261A1AD47A3D0075FC62 /* SecLog.h */; settings = {ATTRIBUTES = (Public, ); }; };
		B223261D1AD47A3D0075FC62 /* SecLog.m in Sources */ = {isa = PBXBuildFile; fileRef = B223261B1AD47A3D0075FC62 /* SecLog.m */; };
		B22326211AD47B580075FC62 /* UIApplication+TopController.h in Headers */ = {isa = PBXBuildFile; fileRef = B223261F1AD47B580075FC62 /* UIApplication+TopController.h */; };
		B22326221AD47B580075FC62 /* UIApplication+TopController.m in Sources */ = {isa = PBXBuildFile; fileRef = B22326201AD47B580075FC62 /* UIApplication+TopController.m */; };
		B22326251AD47F6F0075FC62 /* UIApplication+SecText.h in Headers */ = {isa = PBXBuildFile; fileRef = B22326231AD47F6F0075FC62 /* UIApplication+SecText.h */; };
		B22326261AD47F6F0075FC62 /* UIApplication+SecText.m in Sources */ = {isa = PBXBuildFile; fileRef = B22326241AD47F6F0075FC62 /* UIApplication+SecText.m */; };
		B22326331AD599380075FC62 /* NSString+Hash.h in Headers */ = {isa = PBXBuildFile; fileRef = B22326311AD599380075FC62 /* NSString+Hash.h */; };
		B22326341AD599380075FC62 /* NSString+Hash.m in Sources */ = {isa = PBXBuildFile; fileRef = B22326321AD599380075FC62 /* NSString+Hash.m */; };
		B223263A1AD59FC50075FC62 /* PinnedURLConnectionHandler.h in Headers */ = {isa = PBXBuildFile; fileRef = B22326381AD59FC50075FC62 /* PinnedURLConnectionHandler.h */; };
		B223263B1AD59FC50075FC62 /* PinnedURLConnectionHandler.m in Sources */ = {isa = PBXBuildFile; fileRef = B22326391AD59FC50075FC62 /* PinnedURLConnectionHandler.m */; };
		B223263E1AD59FE20075FC62 /* NSURLConnection+Sec.h in Headers */ = {isa = PBXBuildFile; fileRef = B223263C1AD59FE20075FC62 /* NSURLConnection+Sec.h */; };
		B223263F1AD59FE20075FC62 /* NSURLConnection+Sec.m in Sources */ = {isa = PBXBuildFile; fileRef = B223263D1AD59FE20075FC62 /* NSURLConnection+Sec.m */; };
		B22327131AD6A6670075FC62 /* UIWebView+BaseUrl.h in Headers */ = {isa = PBXBuildFile; fileRef = B22327111AD6A6670075FC62 /* UIWebView+BaseUrl.h */; };
		B22327141AD6A6670075FC62 /* UIWebView+BaseUrl.m in Sources */ = {isa = PBXBuildFile; fileRef = B22327121AD6A6670075FC62 /* UIWebView+BaseUrl.m */; };
		B233D7861AD8526F001D33EA /* WKWebViewNavigationDelegate.h in Headers */ = {isa = PBXBuildFile; fileRef = B233D7841AD8526F001D33EA /* WKWebViewNavigationDelegate.h */; };
		B233D7871AD8526F001D33EA /* WKWebViewNavigationDelegate.m in Sources */ = {isa = PBXBuildFile; fileRef = B233D7851AD8526F001D33EA /* WKWebViewNavigationDelegate.m */; };
		B233D78A1AD85320001D33EA /* WKWebView+Callbacks.h in Headers */ = {isa = PBXBuildFile; fileRef = B233D7881AD85320001D33EA /* WKWebView+Callbacks.h */; };
		B233D78B1AD85320001D33EA /* WKWebView+Callbacks.m in Sources */ = {isa = PBXBuildFile; fileRef = B233D7891AD85320001D33EA /* WKWebView+Callbacks.m */; };
		B233D78E1AD85329001D33EA /* WKWebView+Sec.h in Headers */ = {isa = PBXBuildFile; fileRef = B233D78C1AD85329001D33EA /* WKWebView+Sec.h */; };
		B233D78F1AD85329001D33EA /* WKWebView+Sec.m in Sources */ = {isa = PBXBuildFile; fileRef = B233D78D1AD85329001D33EA /* WKWebView+Sec.m */; };
		B233D7931AD87A81001D33EA /* UIApplication+WhiteList.h in Headers */ = {isa = PBXBuildFile; fileRef = B233D7911AD87A81001D33EA /* UIApplication+WhiteList.h */; };
		B233D7941AD87A81001D33EA /* UIApplication+WhiteList.m in Sources */ = {isa = PBXBuildFile; fileRef = B233D7921AD87A81001D33EA /* UIApplication+WhiteList.m */; };
		B24FC8E51AC831F200474510 /* BaseCoreDataTransformer.h in Headers */ = {isa = PBXBuildFile; fileRef = B24FC8E31AC831F200474510 /* BaseCoreDataTransformer.h */; settings = {ATTRIBUTES = (Public, ); }; };
		B24FC8E61AC831F200474510 /* BaseCoreDataTransformer.m in Sources */ = {isa = PBXBuildFile; fileRef = B24FC8E41AC831F200474510 /* BaseCoreDataTransformer.m */; };
		B262C8321AC41B3D009E090F /* JailbreakCheck1.h in Headers */ = {isa = PBXBuildFile; fileRef = B262C8301AC41B3D009E090F /* JailbreakCheck1.h */; };
		B262C8331AC41B3D009E090F /* JailbreakCheck1.m in Sources */ = {isa = PBXBuildFile; fileRef = B262C8311AC41B3D009E090F /* JailbreakCheck1.m */; };
		B262C83A1AC43781009E090F /* UIWindow+Sec.h in Headers */ = {isa = PBXBuildFile; fileRef = B262C8381AC43781009E090F /* UIWindow+Sec.h */; };
		B262C83B1AC43781009E090F /* UIWindow+Sec.m in Sources */ = {isa = PBXBuildFile; fileRef = B262C8391AC43781009E090F /* UIWindow+Sec.m */; };
		B262C83C1AC445C1009E090F /* Defines.h in Headers */ = {isa = PBXBuildFile; fileRef = B2D73A391AAF74EA00F8BB26 /* Defines.h */; settings = {ATTRIBUTES = (Public, ); }; };
		B262C8451AC4676A009E090F /* JailbreakCheck2.h in Headers */ = {isa = PBXBuildFile; fileRef = B262C8431AC4676A009E090F /* JailbreakCheck2.h */; };
		B262C8461AC4676A009E090F /* JailbreakCheck2.m in Sources */ = {isa = PBXBuildFile; fileRef = B262C8441AC4676A009E090F /* JailbreakCheck2.m */; };
		B262C8491AC46C1D009E090F /* UINavigationController+Sec.h in Headers */ = {isa = PBXBuildFile; fileRef = B262C8471AC46C1D009E090F /* UINavigationController+Sec.h */; };
		B262C84A1AC46C1D009E090F /* UINavigationController+Sec.m in Sources */ = {isa = PBXBuildFile; fileRef = B262C8481AC46C1D009E090F /* UINavigationController+Sec.m */; };
		B262C84E1AC4720F009E090F /* IntegrityCheck1.h in Headers */ = {isa = PBXBuildFile; fileRef = B262C84C1AC4720F009E090F /* IntegrityCheck1.h */; };
		B262C84F1AC4720F009E090F /* IntegrityCheck1.m in Sources */ = {isa = PBXBuildFile; fileRef = B262C84D1AC4720F009E090F /* IntegrityCheck1.m */; };
		B262C8521AC4728B009E090F /* IntegrityCheck2.h in Headers */ = {isa = PBXBuildFile; fileRef = B262C8501AC4728B009E090F /* IntegrityCheck2.h */; };
		B262C8531AC4728B009E090F /* IntegrityCheck2.m in Sources */ = {isa = PBXBuildFile; fileRef = B262C8511AC4728B009E090F /* IntegrityCheck2.m */; };
		B262C8611AC56542009E090F /* CryptoManager.h in Headers */ = {isa = PBXBuildFile; fileRef = B262C85F1AC56542009E090F /* CryptoManager.h */; };
		B262C8621AC56542009E090F /* CryptoManager.m in Sources */ = {isa = PBXBuildFile; fileRef = B262C8601AC56542009E090F /* CryptoManager.m */; };
		B262C8671AC56657009E090F /* NSUserDefaults+Sec.h in Headers */ = {isa = PBXBuildFile; fileRef = B262C8651AC56657009E090F /* NSUserDefaults+Sec.h */; settings = {ATTRIBUTES = (Public, ); }; };
		B262C8681AC56657009E090F /* NSUserDefaults+Sec.m in Sources */ = {isa = PBXBuildFile; fileRef = B262C8661AC56657009E090F /* NSUserDefaults+Sec.m */; };
		B262C8751AC57593009E090F /* RNCryptor+Private.h in Headers */ = {isa = PBXBuildFile; fileRef = B262C86B1AC57593009E090F /* RNCryptor+Private.h */; };
		B262C8761AC57593009E090F /* RNCryptor-Prefix.pch in Headers */ = {isa = PBXBuildFile; fileRef = B262C86C1AC57593009E090F /* RNCryptor-Prefix.pch */; };
		B262C8771AC57593009E090F /* RNCryptor.h in Headers */ = {isa = PBXBuildFile; fileRef = B262C86D1AC57593009E090F /* RNCryptor.h */; };
		B262C8781AC57593009E090F /* RNCryptor.m in Sources */ = {isa = PBXBuildFile; fileRef = B262C86E1AC57593009E090F /* RNCryptor.m */; };
		B262C8791AC57593009E090F /* RNCryptorEngine.h in Headers */ = {isa = PBXBuildFile; fileRef = B262C86F1AC57593009E090F /* RNCryptorEngine.h */; };
		B262C87A1AC57593009E090F /* RNCryptorEngine.m in Sources */ = {isa = PBXBuildFile; fileRef = B262C8701AC57593009E090F /* RNCryptorEngine.m */; };
		B262C87B1AC57593009E090F /* RNDecryptor.h in Headers */ = {isa = PBXBuildFile; fileRef = B262C8711AC57593009E090F /* RNDecryptor.h */; };
		B262C87C1AC57593009E090F /* RNDecryptor.m in Sources */ = {isa = PBXBuildFile; fileRef = B262C8721AC57593009E090F /* RNDecryptor.m */; };
		B262C87D1AC57593009E090F /* RNEncryptor.h in Headers */ = {isa = PBXBuildFile; fileRef = B262C8731AC57593009E090F /* RNEncryptor.h */; };
		B262C87E1AC57593009E090F /* RNEncryptor.m in Sources */ = {isa = PBXBuildFile; fileRef = B262C8741AC57593009E090F /* RNEncryptor.m */; };
		B262C8801AC575D7009E090F /* Security.framework in Frameworks */ = {isa = PBXBuildFile; fileRef = B262C87F1AC575D7009E090F /* Security.framework */; };
		B262C8871AC5C7EB009E090F /* xxhash.c in Sources */ = {isa = PBXBuildFile; fileRef = B262C8841AC5C7EB009E090F /* xxhash.c */; };
		B262C8881AC5C7EB009E090F /* xxhash.h in Headers */ = {isa = PBXBuildFile; fileRef = B262C8851AC5C7EB009E090F /* xxhash.h */; };
		B262C8891AC5C7EB009E090F /* xxhsum.c in Sources */ = {isa = PBXBuildFile; fileRef = B262C8861AC5C7EB009E090F /* xxhsum.c */; };
		B262C88B1AC5D74A009E090F /* NSUserDefaultsTest.m in Sources */ = {isa = PBXBuildFile; fileRef = B262C88A1AC5D74A009E090F /* NSUserDefaultsTest.m */; };
		B262C8911AC6C547009E090F /* NSData+Sec.h in Headers */ = {isa = PBXBuildFile; fileRef = B262C88F1AC6C547009E090F /* NSData+Sec.h */; settings = {ATTRIBUTES = (Public, ); }; };
		B262C8921AC6C547009E090F /* NSData+Sec.m in Sources */ = {isa = PBXBuildFile; fileRef = B262C8901AC6C547009E090F /* NSData+Sec.m */; };
		B262C8941AC6FBF3009E090F /* NSDataTest.m in Sources */ = {isa = PBXBuildFile; fileRef = B262C8931AC6FBF3009E090F /* NSDataTest.m */; };
		B262C8971AC710FD009E090F /* NSFileManager+Sec.h in Headers */ = {isa = PBXBuildFile; fileRef = B262C8951AC710FD009E090F /* NSFileManager+Sec.h */; };
		B262C8981AC710FD009E090F /* NSFileManager+Sec.m in Sources */ = {isa = PBXBuildFile; fileRef = B262C8961AC710FD009E090F /* NSFileManager+Sec.m */; };
		B262C89B1AC72CF0009E090F /* NSString+Sec.h in Headers */ = {isa = PBXBuildFile; fileRef = B262C8991AC72CF0009E090F /* NSString+Sec.h */; settings = {ATTRIBUTES = (Public, ); }; };
		B262C89C1AC72CF0009E090F /* NSString+Sec.m in Sources */ = {isa = PBXBuildFile; fileRef = B262C89A1AC72CF0009E090F /* NSString+Sec.m */; };
		B262C89F1AC72D38009E090F /* NSArray+Sec.h in Headers */ = {isa = PBXBuildFile; fileRef = B262C89D1AC72D38009E090F /* NSArray+Sec.h */; settings = {ATTRIBUTES = (Public, ); }; };
		B262C8A01AC72D38009E090F /* NSArray+Sec.m in Sources */ = {isa = PBXBuildFile; fileRef = B262C89E1AC72D38009E090F /* NSArray+Sec.m */; };
		B262C8A31AC72D49009E090F /* NSDictionary+Sec.h in Headers */ = {isa = PBXBuildFile; fileRef = B262C8A11AC72D49009E090F /* NSDictionary+Sec.h */; settings = {ATTRIBUTES = (Public, ); }; };
		B262C8A41AC72D49009E090F /* NSDictionary+Sec.m in Sources */ = {isa = PBXBuildFile; fileRef = B262C8A21AC72D49009E090F /* NSDictionary+Sec.m */; };
		B262C8A71AC72D54009E090F /* UIImage+Sec.h in Headers */ = {isa = PBXBuildFile; fileRef = B262C8A51AC72D54009E090F /* UIImage+Sec.h */; };
		B262C8A81AC72D54009E090F /* UIImage+Sec.m in Sources */ = {isa = PBXBuildFile; fileRef = B262C8A61AC72D54009E090F /* UIImage+Sec.m */; };
		B262C8AE1AC7365D009E090F /* NSArrayTest.m in Sources */ = {isa = PBXBuildFile; fileRef = B262C8AD1AC7365D009E090F /* NSArrayTest.m */; };
		B262C8B01AC7366A009E090F /* NSDictionaryTest.m in Sources */ = {isa = PBXBuildFile; fileRef = B262C8AF1AC7366A009E090F /* NSDictionaryTest.m */; };
		B262C8B21AC73678009E090F /* NSMutableArrayTest.m in Sources */ = {isa = PBXBuildFile; fileRef = B262C8B11AC73678009E090F /* NSMutableArrayTest.m */; };
		B262C8B61AC74812009E090F /* NSStringTest.m in Sources */ = {isa = PBXBuildFile; fileRef = B262C8B51AC74812009E090F /* NSStringTest.m */; };
		B280F1891AB0625A00DC28FC /* OnStateChangeListener.h in Headers */ = {isa = PBXBuildFile; fileRef = B280F1881AB0625A00DC28FC /* OnStateChangeListener.h */; };
		B280F18C1AB0689700DC28FC /* NSObject+State.h in Headers */ = {isa = PBXBuildFile; fileRef = B280F18A1AB0689700DC28FC /* NSObject+State.h */; };
		B280F18D1AB0689700DC28FC /* NSObject+State.m in Sources */ = {isa = PBXBuildFile; fileRef = B280F18B1AB0689700DC28FC /* NSObject+State.m */; };
		B280F1931AB06D3F00DC28FC /* BaseChecksTemplate.h in Headers */ = {isa = PBXBuildFile; fileRef = B280F1921AB06D3F00DC28FC /* BaseChecksTemplate.h */; };
		B280F1981AB0974300DC28FC /* UIViewController+Sec.h in Headers */ = {isa = PBXBuildFile; fileRef = B280F1961AB0974300DC28FC /* UIViewController+Sec.h */; };
		B280F1991AB0974300DC28FC /* UIViewController+Sec.m in Sources */ = {isa = PBXBuildFile; fileRef = B280F1971AB0974300DC28FC /* UIViewController+Sec.m */; };
		B2C83C0F1AD71662003B7C16 /* URLWhitelist.h in Headers */ = {isa = PBXBuildFile; fileRef = B2C83C0D1AD71662003B7C16 /* URLWhitelist.h */; settings = {ATTRIBUTES = (Public, ); }; };
		B2C83C101AD71662003B7C16 /* URLWhitelist.m in Sources */ = {isa = PBXBuildFile; fileRef = B2C83C0E1AD71662003B7C16 /* URLWhitelist.m */; };
		B2C83C131AD82792003B7C16 /* UIWebView+Sec.h in Headers */ = {isa = PBXBuildFile; fileRef = B2C83C111AD82792003B7C16 /* UIWebView+Sec.h */; };
		B2C83C141AD82792003B7C16 /* UIWebView+Sec.m in Sources */ = {isa = PBXBuildFile; fileRef = B2C83C121AD82792003B7C16 /* UIWebView+Sec.m */; };
		B2C83C171AD83260003B7C16 /* WebViewDelegate.h in Headers */ = {isa = PBXBuildFile; fileRef = B2C83C151AD83260003B7C16 /* WebViewDelegate.h */; };
		B2C83C181AD83260003B7C16 /* WebViewDelegate.m in Sources */ = {isa = PBXBuildFile; fileRef = B2C83C161AD83260003B7C16 /* WebViewDelegate.m */; };
		B2D24A0A1A90C42900FA8CEA /* SmartSec.h in Headers */ = {isa = PBXBuildFile; fileRef = B2D24A091A90C42900FA8CEA /* SmartSec.h */; settings = {ATTRIBUTES = (Public, ); }; };
		B2D24A101A90C42A00FA8CEA /* SmartSec.framework in Frameworks */ = {isa = PBXBuildFile; fileRef = B2D24A041A90C42900FA8CEA /* SmartSec.framework */; };
		B2D24A281A90C6A600FA8CEA /* SmartSecConfigurable.h in Headers */ = {isa = PBXBuildFile; fileRef = B2D24A261A90C6A600FA8CEA /* SmartSecConfigurable.h */; settings = {ATTRIBUTES = (Public, ); }; };
		B2D24A291A90C6A600FA8CEA /* SmartSecConfigurable.m in Sources */ = {isa = PBXBuildFile; fileRef = B2D24A271A90C6A600FA8CEA /* SmartSecConfigurable.m */; };
		B2D73A3B1AAF7D3E00F8BB26 /* UIKit.framework in Frameworks */ = {isa = PBXBuildFile; fileRef = B2D73A3A1AAF7D3E00F8BB26 /* UIKit.framework */; };
		B2D73A3F1AAF82AA00F8BB26 /* UIApplication+Sec.h in Headers */ = {isa = PBXBuildFile; fileRef = B2D73A3D1AAF82AA00F8BB26 /* UIApplication+Sec.h */; };
		B2D73A401AAF82AA00F8BB26 /* UIApplication+Sec.m in Sources */ = {isa = PBXBuildFile; fileRef = B2D73A3E1AAF82AA00F8BB26 /* UIApplication+Sec.m */; };
		B2E50A2F1AC2FC2100BBD5CA /* SmartSecDefault.h in Headers */ = {isa = PBXBuildFile; fileRef = B2E50A2D1AC2FC2100BBD5CA /* SmartSecDefault.h */; settings = {ATTRIBUTES = (Public, ); }; };
		B2E50A301AC2FC2100BBD5CA /* SmartSecDefault.m in Sources */ = {isa = PBXBuildFile; fileRef = B2E50A2E1AC2FC2100BBD5CA /* SmartSecDefault.m */; };
		B2E50A341AC31A7100BBD5CA /* DebugCheck1.h in Headers */ = {isa = PBXBuildFile; fileRef = B2E50A321AC31A7100BBD5CA /* DebugCheck1.h */; };
		B2E50A381AC31ADB00BBD5CA /* DebugCheck2.h in Headers */ = {isa = PBXBuildFile; fileRef = B2E50A361AC31ADB00BBD5CA /* DebugCheck2.h */; };
		B2E50A3D1AC31DBF00BBD5CA /* NSMutableDictionary+ArrayValue.h in Headers */ = {isa = PBXBuildFile; fileRef = B2E50A3B1AC31DBF00BBD5CA /* NSMutableDictionary+ArrayValue.h */; };
		B2E50A3E1AC31DBF00BBD5CA /* NSMutableDictionary+ArrayValue.m in Sources */ = {isa = PBXBuildFile; fileRef = B2E50A3C1AC31DBF00BBD5CA /* NSMutableDictionary+ArrayValue.m */; };
		B2E50A401AC3219C00BBD5CA /* DebugCheck1.m in Sources */ = {isa = PBXBuildFile; fileRef = B2E50A331AC31A7100BBD5CA /* DebugCheck1.m */; };
		B2E50A411AC3219F00BBD5CA /* DebugCheck2.m in Sources */ = {isa = PBXBuildFile; fileRef = B2E50A371AC31ADB00BBD5CA /* DebugCheck2.m */; };
		B2E50A451AC33C4A00BBD5CA /* SmartSecConfig.h in Headers */ = {isa = PBXBuildFile; fileRef = B2E50A431AC33C4A00BBD5CA /* SmartSecConfig.h */; settings = {ATTRIBUTES = (Public, ); }; };
		B2E50A461AC33C4A00BBD5CA /* SmartSecConfig.m in Sources */ = {isa = PBXBuildFile; fileRef = B2E50A441AC33C4A00BBD5CA /* SmartSecConfig.m */; };
		B2F4BCE61ADAB5D200F94BE9 /* LOOCryptString.h in Headers */ = {isa = PBXBuildFile; fileRef = B2F4BCE41ADAB5D200F94BE9 /* LOOCryptString.h */; settings = {ATTRIBUTES = (Public, ); }; };
		B2F4BCE71ADAB5D200F94BE9 /* LOOCryptString.m in Sources */ = {isa = PBXBuildFile; fileRef = B2F4BCE51ADAB5D200F94BE9 /* LOOCryptString.m */; };
		B2F4BCEE1ADAB72500F94BE9 /* UAObfuscatedString.h in Headers */ = {isa = PBXBuildFile; fileRef = B2F4BCEC1ADAB72500F94BE9 /* UAObfuscatedString.h */; settings = {ATTRIBUTES = (Public, ); }; };
		B2F4BCEF1ADAB72500F94BE9 /* UAObfuscatedString.m in Sources */ = {isa = PBXBuildFile; fileRef = B2F4BCED1ADAB72500F94BE9 /* UAObfuscatedString.m */; };
		B2FB2EEF1AD8948D0062A1FF /* Crypto.h in Headers */ = {isa = PBXBuildFile; fileRef = B2FB2EEE1AD894380062A1FF /* Crypto.h */; settings = {ATTRIBUTES = (Public, ); }; };
		B2FB708D1ADAE29000FD0F87 /* MemoryCheck.h in Headers */ = {isa = PBXBuildFile; fileRef = B2FB708B1ADAE29000FD0F87 /* MemoryCheck.h */; };
		B2FB708E1ADAE29000FD0F87 /* MemoryCheck.m in Sources */ = {isa = PBXBuildFile; fileRef = B2FB708C1ADAE29000FD0F87 /* MemoryCheck.m */; };
/* End PBXBuildFile section */

/* Begin PBXContainerItemProxy section */
		B2D24A111A90C42A00FA8CEA /* PBXContainerItemProxy */ = {
			isa = PBXContainerItemProxy;
			containerPortal = B2D249FB1A90C42900FA8CEA /* Project object */;
			proxyType = 1;
			remoteGlobalIDString = B2D24A031A90C42900FA8CEA;
			remoteInfo = SmartSec;
		};
/* End PBXContainerItemProxy section */

/* Begin PBXFileReference section */
		B223260B1AD423E50075FC62 /* UITextField+SecText.h */ = {isa = PBXFileReference; fileEncoding = 4; lastKnownFileType = sourcecode.c.h; path = "UITextField+SecText.h"; sourceTree = "<group>"; };
		B223260C1AD423E50075FC62 /* UITextField+SecText.m */ = {isa = PBXFileReference; fileEncoding = 4; lastKnownFileType = sourcecode.c.objc; path = "UITextField+SecText.m"; sourceTree = "<group>"; };
		B223260F1AD423F30075FC62 /* UIView+SecText.h */ = {isa = PBXFileReference; fileEncoding = 4; lastKnownFileType = sourcecode.c.h; path = "UIView+SecText.h"; sourceTree = "<group>"; };
		B22326101AD423F30075FC62 /* UIView+SecText.m */ = {isa = PBXFileReference; fileEncoding = 4; lastKnownFileType = sourcecode.c.objc; path = "UIView+SecText.m"; sourceTree = "<group>"; };
		B22326131AD43B670075FC62 /* UIViewController+SecText.h */ = {isa = PBXFileReference; fileEncoding = 4; lastKnownFileType = sourcecode.c.h; path = "UIViewController+SecText.h"; sourceTree = "<group>"; };
		B22326141AD43B670075FC62 /* UIViewController+SecText.m */ = {isa = PBXFileReference; fileEncoding = 4; lastKnownFileType = sourcecode.c.objc; path = "UIViewController+SecText.m"; sourceTree = "<group>"; };
		B22326171AD478990075FC62 /* SecImports.h */ = {isa = PBXFileReference; lastKnownFileType = sourcecode.c.h; path = SecImports.h; sourceTree = "<group>"; };
		B223261A1AD47A3D0075FC62 /* SecLog.h */ = {isa = PBXFileReference; fileEncoding = 4; lastKnownFileType = sourcecode.c.h; path = SecLog.h; sourceTree = "<group>"; };
		B223261B1AD47A3D0075FC62 /* SecLog.m */ = {isa = PBXFileReference; fileEncoding = 4; lastKnownFileType = sourcecode.c.objc; path = SecLog.m; sourceTree = "<group>"; };
		B223261F1AD47B580075FC62 /* UIApplication+TopController.h */ = {isa = PBXFileReference; fileEncoding = 4; lastKnownFileType = sourcecode.c.h; path = "UIApplication+TopController.h"; sourceTree = "<group>"; };
		B22326201AD47B580075FC62 /* UIApplication+TopController.m */ = {isa = PBXFileReference; fileEncoding = 4; lastKnownFileType = sourcecode.c.objc; path = "UIApplication+TopController.m"; sourceTree = "<group>"; };
		B22326231AD47F6F0075FC62 /* UIApplication+SecText.h */ = {isa = PBXFileReference; fileEncoding = 4; lastKnownFileType = sourcecode.c.h; path = "UIApplication+SecText.h"; sourceTree = "<group>"; };
		B22326241AD47F6F0075FC62 /* UIApplication+SecText.m */ = {isa = PBXFileReference; fileEncoding = 4; lastKnownFileType = sourcecode.c.objc; path = "UIApplication+SecText.m"; sourceTree = "<group>"; };
		B22326311AD599380075FC62 /* NSString+Hash.h */ = {isa = PBXFileReference; fileEncoding = 4; lastKnownFileType = sourcecode.c.h; path = "NSString+Hash.h"; sourceTree = "<group>"; };
		B22326321AD599380075FC62 /* NSString+Hash.m */ = {isa = PBXFileReference; fileEncoding = 4; lastKnownFileType = sourcecode.c.objc; path = "NSString+Hash.m"; sourceTree = "<group>"; };
		B22326381AD59FC50075FC62 /* PinnedURLConnectionHandler.h */ = {isa = PBXFileReference; fileEncoding = 4; lastKnownFileType = sourcecode.c.h; path = PinnedURLConnectionHandler.h; sourceTree = "<group>"; };
		B22326391AD59FC50075FC62 /* PinnedURLConnectionHandler.m */ = {isa = PBXFileReference; fileEncoding = 4; lastKnownFileType = sourcecode.c.objc; path = PinnedURLConnectionHandler.m; sourceTree = "<group>"; };
		B223263C1AD59FE20075FC62 /* NSURLConnection+Sec.h */ = {isa = PBXFileReference; fileEncoding = 4; lastKnownFileType = sourcecode.c.h; path = "NSURLConnection+Sec.h"; sourceTree = "<group>"; };
		B223263D1AD59FE20075FC62 /* NSURLConnection+Sec.m */ = {isa = PBXFileReference; fileEncoding = 4; lastKnownFileType = sourcecode.c.objc; path = "NSURLConnection+Sec.m"; sourceTree = "<group>"; };
		B22327111AD6A6670075FC62 /* UIWebView+BaseUrl.h */ = {isa = PBXFileReference; fileEncoding = 4; lastKnownFileType = sourcecode.c.h; path = "UIWebView+BaseUrl.h"; sourceTree = "<group>"; };
		B22327121AD6A6670075FC62 /* UIWebView+BaseUrl.m */ = {isa = PBXFileReference; fileEncoding = 4; lastKnownFileType = sourcecode.c.objc; path = "UIWebView+BaseUrl.m"; sourceTree = "<group>"; };
		B233D7841AD8526F001D33EA /* WKWebViewNavigationDelegate.h */ = {isa = PBXFileReference; fileEncoding = 4; lastKnownFileType = sourcecode.c.h; path = WKWebViewNavigationDelegate.h; sourceTree = "<group>"; };
		B233D7851AD8526F001D33EA /* WKWebViewNavigationDelegate.m */ = {isa = PBXFileReference; fileEncoding = 4; lastKnownFileType = sourcecode.c.objc; path = WKWebViewNavigationDelegate.m; sourceTree = "<group>"; };
		B233D7881AD85320001D33EA /* WKWebView+Callbacks.h */ = {isa = PBXFileReference; fileEncoding = 4; lastKnownFileType = sourcecode.c.h; path = "WKWebView+Callbacks.h"; sourceTree = "<group>"; };
		B233D7891AD85320001D33EA /* WKWebView+Callbacks.m */ = {isa = PBXFileReference; fileEncoding = 4; lastKnownFileType = sourcecode.c.objc; path = "WKWebView+Callbacks.m"; sourceTree = "<group>"; };
		B233D78C1AD85329001D33EA /* WKWebView+Sec.h */ = {isa = PBXFileReference; fileEncoding = 4; lastKnownFileType = sourcecode.c.h; path = "WKWebView+Sec.h"; sourceTree = "<group>"; };
		B233D78D1AD85329001D33EA /* WKWebView+Sec.m */ = {isa = PBXFileReference; fileEncoding = 4; lastKnownFileType = sourcecode.c.objc; path = "WKWebView+Sec.m"; sourceTree = "<group>"; };
		B233D7911AD87A81001D33EA /* UIApplication+WhiteList.h */ = {isa = PBXFileReference; fileEncoding = 4; lastKnownFileType = sourcecode.c.h; path = "UIApplication+WhiteList.h"; sourceTree = "<group>"; };
		B233D7921AD87A81001D33EA /* UIApplication+WhiteList.m */ = {isa = PBXFileReference; fileEncoding = 4; lastKnownFileType = sourcecode.c.objc; path = "UIApplication+WhiteList.m"; sourceTree = "<group>"; };
		B24FC8E31AC831F200474510 /* BaseCoreDataTransformer.h */ = {isa = PBXFileReference; fileEncoding = 4; lastKnownFileType = sourcecode.c.h; path = BaseCoreDataTransformer.h; sourceTree = "<group>"; };
		B24FC8E41AC831F200474510 /* BaseCoreDataTransformer.m */ = {isa = PBXFileReference; fileEncoding = 4; lastKnownFileType = sourcecode.c.objc; path = BaseCoreDataTransformer.m; sourceTree = "<group>"; };
		B262C8301AC41B3D009E090F /* JailbreakCheck1.h */ = {isa = PBXFileReference; fileEncoding = 4; lastKnownFileType = sourcecode.c.h; path = JailbreakCheck1.h; sourceTree = "<group>"; };
		B262C8311AC41B3D009E090F /* JailbreakCheck1.m */ = {isa = PBXFileReference; fileEncoding = 4; lastKnownFileType = sourcecode.c.objc; path = JailbreakCheck1.m; sourceTree = "<group>"; };
		B262C8381AC43781009E090F /* UIWindow+Sec.h */ = {isa = PBXFileReference; fileEncoding = 4; lastKnownFileType = sourcecode.c.h; path = "UIWindow+Sec.h"; sourceTree = "<group>"; };
		B262C8391AC43781009E090F /* UIWindow+Sec.m */ = {isa = PBXFileReference; fileEncoding = 4; lastKnownFileType = sourcecode.c.objc; path = "UIWindow+Sec.m"; sourceTree = "<group>"; };
		B262C8431AC4676A009E090F /* JailbreakCheck2.h */ = {isa = PBXFileReference; fileEncoding = 4; lastKnownFileType = sourcecode.c.h; path = JailbreakCheck2.h; sourceTree = "<group>"; };
		B262C8441AC4676A009E090F /* JailbreakCheck2.m */ = {isa = PBXFileReference; fileEncoding = 4; lastKnownFileType = sourcecode.c.objc; path = JailbreakCheck2.m; sourceTree = "<group>"; };
		B262C8471AC46C1D009E090F /* UINavigationController+Sec.h */ = {isa = PBXFileReference; fileEncoding = 4; lastKnownFileType = sourcecode.c.h; path = "UINavigationController+Sec.h"; sourceTree = "<group>"; };
		B262C8481AC46C1D009E090F /* UINavigationController+Sec.m */ = {isa = PBXFileReference; fileEncoding = 4; lastKnownFileType = sourcecode.c.objc; path = "UINavigationController+Sec.m"; sourceTree = "<group>"; };
		B262C84C1AC4720F009E090F /* IntegrityCheck1.h */ = {isa = PBXFileReference; fileEncoding = 4; lastKnownFileType = sourcecode.c.h; path = IntegrityCheck1.h; sourceTree = "<group>"; };
		B262C84D1AC4720F009E090F /* IntegrityCheck1.m */ = {isa = PBXFileReference; fileEncoding = 4; lastKnownFileType = sourcecode.c.objc; path = IntegrityCheck1.m; sourceTree = "<group>"; };
		B262C8501AC4728B009E090F /* IntegrityCheck2.h */ = {isa = PBXFileReference; fileEncoding = 4; lastKnownFileType = sourcecode.c.h; path = IntegrityCheck2.h; sourceTree = "<group>"; };
		B262C8511AC4728B009E090F /* IntegrityCheck2.m */ = {isa = PBXFileReference; fileEncoding = 4; lastKnownFileType = sourcecode.c.objc; path = IntegrityCheck2.m; sourceTree = "<group>"; };
		B262C85F1AC56542009E090F /* CryptoManager.h */ = {isa = PBXFileReference; fileEncoding = 4; lastKnownFileType = sourcecode.c.h; path = CryptoManager.h; sourceTree = "<group>"; };
		B262C8601AC56542009E090F /* CryptoManager.m */ = {isa = PBXFileReference; fileEncoding = 4; lastKnownFileType = sourcecode.c.objc; path = CryptoManager.m; sourceTree = "<group>"; };
		B262C8651AC56657009E090F /* NSUserDefaults+Sec.h */ = {isa = PBXFileReference; fileEncoding = 4; lastKnownFileType = sourcecode.c.h; path = "NSUserDefaults+Sec.h"; sourceTree = "<group>"; };
		B262C8661AC56657009E090F /* NSUserDefaults+Sec.m */ = {isa = PBXFileReference; fileEncoding = 4; lastKnownFileType = sourcecode.c.objc; path = "NSUserDefaults+Sec.m"; sourceTree = "<group>"; };
		B262C86B1AC57593009E090F /* RNCryptor+Private.h */ = {isa = PBXFileReference; fileEncoding = 4; lastKnownFileType = sourcecode.c.h; path = "RNCryptor+Private.h"; sourceTree = "<group>"; };
		B262C86C1AC57593009E090F /* RNCryptor-Prefix.pch */ = {isa = PBXFileReference; fileEncoding = 4; lastKnownFileType = sourcecode.c.h; path = "RNCryptor-Prefix.pch"; sourceTree = "<group>"; };
		B262C86D1AC57593009E090F /* RNCryptor.h */ = {isa = PBXFileReference; fileEncoding = 4; lastKnownFileType = sourcecode.c.h; path = RNCryptor.h; sourceTree = "<group>"; };
		B262C86E1AC57593009E090F /* RNCryptor.m */ = {isa = PBXFileReference; fileEncoding = 4; lastKnownFileType = sourcecode.c.objc; path = RNCryptor.m; sourceTree = "<group>"; };
		B262C86F1AC57593009E090F /* RNCryptorEngine.h */ = {isa = PBXFileReference; fileEncoding = 4; lastKnownFileType = sourcecode.c.h; path = RNCryptorEngine.h; sourceTree = "<group>"; };
		B262C8701AC57593009E090F /* RNCryptorEngine.m */ = {isa = PBXFileReference; fileEncoding = 4; lastKnownFileType = sourcecode.c.objc; path = RNCryptorEngine.m; sourceTree = "<group>"; };
		B262C8711AC57593009E090F /* RNDecryptor.h */ = {isa = PBXFileReference; fileEncoding = 4; lastKnownFileType = sourcecode.c.h; path = RNDecryptor.h; sourceTree = "<group>"; };
		B262C8721AC57593009E090F /* RNDecryptor.m */ = {isa = PBXFileReference; fileEncoding = 4; lastKnownFileType = sourcecode.c.objc; path = RNDecryptor.m; sourceTree = "<group>"; };
		B262C8731AC57593009E090F /* RNEncryptor.h */ = {isa = PBXFileReference; fileEncoding = 4; lastKnownFileType = sourcecode.c.h; path = RNEncryptor.h; sourceTree = "<group>"; };
		B262C8741AC57593009E090F /* RNEncryptor.m */ = {isa = PBXFileReference; fileEncoding = 4; lastKnownFileType = sourcecode.c.objc; path = RNEncryptor.m; sourceTree = "<group>"; };
		B262C87F1AC575D7009E090F /* Security.framework */ = {isa = PBXFileReference; lastKnownFileType = wrapper.framework; name = Security.framework; path = System/Library/Frameworks/Security.framework; sourceTree = SDKROOT; };
		B262C8841AC5C7EB009E090F /* xxhash.c */ = {isa = PBXFileReference; fileEncoding = 4; lastKnownFileType = sourcecode.c.c; path = xxhash.c; sourceTree = "<group>"; };
		B262C8851AC5C7EB009E090F /* xxhash.h */ = {isa = PBXFileReference; fileEncoding = 4; lastKnownFileType = sourcecode.c.h; path = xxhash.h; sourceTree = "<group>"; };
		B262C8861AC5C7EB009E090F /* xxhsum.c */ = {isa = PBXFileReference; fileEncoding = 4; lastKnownFileType = sourcecode.c.c; path = xxhsum.c; sourceTree = "<group>"; };
		B262C88A1AC5D74A009E090F /* NSUserDefaultsTest.m */ = {isa = PBXFileReference; fileEncoding = 4; lastKnownFileType = sourcecode.c.objc; path = NSUserDefaultsTest.m; sourceTree = "<group>"; };
		B262C88F1AC6C547009E090F /* NSData+Sec.h */ = {isa = PBXFileReference; fileEncoding = 4; lastKnownFileType = sourcecode.c.h; path = "NSData+Sec.h"; sourceTree = "<group>"; };
		B262C8901AC6C547009E090F /* NSData+Sec.m */ = {isa = PBXFileReference; fileEncoding = 4; lastKnownFileType = sourcecode.c.objc; path = "NSData+Sec.m"; sourceTree = "<group>"; };
		B262C8931AC6FBF3009E090F /* NSDataTest.m */ = {isa = PBXFileReference; fileEncoding = 4; lastKnownFileType = sourcecode.c.objc; path = NSDataTest.m; sourceTree = "<group>"; };
		B262C8951AC710FD009E090F /* NSFileManager+Sec.h */ = {isa = PBXFileReference; fileEncoding = 4; lastKnownFileType = sourcecode.c.h; path = "NSFileManager+Sec.h"; sourceTree = "<group>"; };
		B262C8961AC710FD009E090F /* NSFileManager+Sec.m */ = {isa = PBXFileReference; fileEncoding = 4; lastKnownFileType = sourcecode.c.objc; path = "NSFileManager+Sec.m"; sourceTree = "<group>"; };
		B262C8991AC72CF0009E090F /* NSString+Sec.h */ = {isa = PBXFileReference; fileEncoding = 4; lastKnownFileType = sourcecode.c.h; path = "NSString+Sec.h"; sourceTree = "<group>"; };
		B262C89A1AC72CF0009E090F /* NSString+Sec.m */ = {isa = PBXFileReference; fileEncoding = 4; lastKnownFileType = sourcecode.c.objc; path = "NSString+Sec.m"; sourceTree = "<group>"; };
		B262C89D1AC72D38009E090F /* NSArray+Sec.h */ = {isa = PBXFileReference; fileEncoding = 4; lastKnownFileType = sourcecode.c.h; path = "NSArray+Sec.h"; sourceTree = "<group>"; };
		B262C89E1AC72D38009E090F /* NSArray+Sec.m */ = {isa = PBXFileReference; fileEncoding = 4; lastKnownFileType = sourcecode.c.objc; path = "NSArray+Sec.m"; sourceTree = "<group>"; };
		B262C8A11AC72D49009E090F /* NSDictionary+Sec.h */ = {isa = PBXFileReference; fileEncoding = 4; lastKnownFileType = sourcecode.c.h; path = "NSDictionary+Sec.h"; sourceTree = "<group>"; };
		B262C8A21AC72D49009E090F /* NSDictionary+Sec.m */ = {isa = PBXFileReference; fileEncoding = 4; lastKnownFileType = sourcecode.c.objc; path = "NSDictionary+Sec.m"; sourceTree = "<group>"; };
		B262C8A51AC72D54009E090F /* UIImage+Sec.h */ = {isa = PBXFileReference; fileEncoding = 4; lastKnownFileType = sourcecode.c.h; path = "UIImage+Sec.h"; sourceTree = "<group>"; };
		B262C8A61AC72D54009E090F /* UIImage+Sec.m */ = {isa = PBXFileReference; fileEncoding = 4; lastKnownFileType = sourcecode.c.objc; path = "UIImage+Sec.m"; sourceTree = "<group>"; };
		B262C8AD1AC7365D009E090F /* NSArrayTest.m */ = {isa = PBXFileReference; fileEncoding = 4; lastKnownFileType = sourcecode.c.objc; path = NSArrayTest.m; sourceTree = "<group>"; };
		B262C8AF1AC7366A009E090F /* NSDictionaryTest.m */ = {isa = PBXFileReference; fileEncoding = 4; lastKnownFileType = sourcecode.c.objc; path = NSDictionaryTest.m; sourceTree = "<group>"; };
		B262C8B11AC73678009E090F /* NSMutableArrayTest.m */ = {isa = PBXFileReference; fileEncoding = 4; lastKnownFileType = sourcecode.c.objc; path = NSMutableArrayTest.m; sourceTree = "<group>"; };
		B262C8B51AC74812009E090F /* NSStringTest.m */ = {isa = PBXFileReference; fileEncoding = 4; lastKnownFileType = sourcecode.c.objc; path = NSStringTest.m; sourceTree = "<group>"; };
		B280F1881AB0625A00DC28FC /* OnStateChangeListener.h */ = {isa = PBXFileReference; fileEncoding = 4; lastKnownFileType = sourcecode.c.h; path = OnStateChangeListener.h; sourceTree = "<group>"; };
		B280F18A1AB0689700DC28FC /* NSObject+State.h */ = {isa = PBXFileReference; fileEncoding = 4; lastKnownFileType = sourcecode.c.h; path = "NSObject+State.h"; sourceTree = "<group>"; };
		B280F18B1AB0689700DC28FC /* NSObject+State.m */ = {isa = PBXFileReference; fileEncoding = 4; lastKnownFileType = sourcecode.c.objc; path = "NSObject+State.m"; sourceTree = "<group>"; };
		B280F1921AB06D3F00DC28FC /* BaseChecksTemplate.h */ = {isa = PBXFileReference; fileEncoding = 4; lastKnownFileType = sourcecode.c.h; path = BaseChecksTemplate.h; sourceTree = "<group>"; };
		B280F1961AB0974300DC28FC /* UIViewController+Sec.h */ = {isa = PBXFileReference; fileEncoding = 4; lastKnownFileType = sourcecode.c.h; path = "UIViewController+Sec.h"; sourceTree = "<group>"; };
		B280F1971AB0974300DC28FC /* UIViewController+Sec.m */ = {isa = PBXFileReference; fileEncoding = 4; lastKnownFileType = sourcecode.c.objc; path = "UIViewController+Sec.m"; sourceTree = "<group>"; };
		B2C83C0D1AD71662003B7C16 /* URLWhitelist.h */ = {isa = PBXFileReference; fileEncoding = 4; lastKnownFileType = sourcecode.c.h; path = URLWhitelist.h; sourceTree = "<group>"; };
		B2C83C0E1AD71662003B7C16 /* URLWhitelist.m */ = {isa = PBXFileReference; fileEncoding = 4; lastKnownFileType = sourcecode.c.objc; path = URLWhitelist.m; sourceTree = "<group>"; };
		B2C83C111AD82792003B7C16 /* UIWebView+Sec.h */ = {isa = PBXFileReference; fileEncoding = 4; lastKnownFileType = sourcecode.c.h; path = "UIWebView+Sec.h"; sourceTree = "<group>"; };
		B2C83C121AD82792003B7C16 /* UIWebView+Sec.m */ = {isa = PBXFileReference; fileEncoding = 4; lastKnownFileType = sourcecode.c.objc; path = "UIWebView+Sec.m"; sourceTree = "<group>"; };
		B2C83C151AD83260003B7C16 /* WebViewDelegate.h */ = {isa = PBXFileReference; fileEncoding = 4; lastKnownFileType = sourcecode.c.h; path = WebViewDelegate.h; sourceTree = "<group>"; };
		B2C83C161AD83260003B7C16 /* WebViewDelegate.m */ = {isa = PBXFileReference; fileEncoding = 4; lastKnownFileType = sourcecode.c.objc; path = WebViewDelegate.m; sourceTree = "<group>"; };
		B2D24A041A90C42900FA8CEA /* SmartSec.framework */ = {isa = PBXFileReference; explicitFileType = wrapper.framework; includeInIndex = 0; path = SmartSec.framework; sourceTree = BUILT_PRODUCTS_DIR; };
		B2D24A081A90C42900FA8CEA /* Info.plist */ = {isa = PBXFileReference; lastKnownFileType = text.plist.xml; path = Info.plist; sourceTree = "<group>"; };
		B2D24A091A90C42900FA8CEA /* SmartSec.h */ = {isa = PBXFileReference; lastKnownFileType = sourcecode.c.h; path = SmartSec.h; sourceTree = "<group>"; };
		B2D24A0F1A90C42A00FA8CEA /* SmartSecTests.xctest */ = {isa = PBXFileReference; explicitFileType = wrapper.cfbundle; includeInIndex = 0; path = SmartSecTests.xctest; sourceTree = BUILT_PRODUCTS_DIR; };
		B2D24A151A90C42A00FA8CEA /* Info.plist */ = {isa = PBXFileReference; lastKnownFileType = text.plist.xml; path = Info.plist; sourceTree = "<group>"; };
		B2D24A261A90C6A600FA8CEA /* SmartSecConfigurable.h */ = {isa = PBXFileReference; fileEncoding = 4; lastKnownFileType = sourcecode.c.h; path = SmartSecConfigurable.h; sourceTree = "<group>"; };
		B2D24A271A90C6A600FA8CEA /* SmartSecConfigurable.m */ = {isa = PBXFileReference; fileEncoding = 4; lastKnownFileType = sourcecode.c.objc; path = SmartSecConfigurable.m; sourceTree = "<group>"; };
		B2D73A391AAF74EA00F8BB26 /* Defines.h */ = {isa = PBXFileReference; lastKnownFileType = sourcecode.c.h; path = Defines.h; sourceTree = "<group>"; };
		B2D73A3A1AAF7D3E00F8BB26 /* UIKit.framework */ = {isa = PBXFileReference; lastKnownFileType = wrapper.framework; name = UIKit.framework; path = System/Library/Frameworks/UIKit.framework; sourceTree = SDKROOT; };
		B2D73A3D1AAF82AA00F8BB26 /* UIApplication+Sec.h */ = {isa = PBXFileReference; fileEncoding = 4; lastKnownFileType = sourcecode.c.h; path = "UIApplication+Sec.h"; sourceTree = "<group>"; };
		B2D73A3E1AAF82AA00F8BB26 /* UIApplication+Sec.m */ = {isa = PBXFileReference; fileEncoding = 4; lastKnownFileType = sourcecode.c.objc; path = "UIApplication+Sec.m"; sourceTree = "<group>"; };
		B2E50A2D1AC2FC2100BBD5CA /* SmartSecDefault.h */ = {isa = PBXFileReference; fileEncoding = 4; lastKnownFileType = sourcecode.c.h; path = SmartSecDefault.h; sourceTree = "<group>"; };
		B2E50A2E1AC2FC2100BBD5CA /* SmartSecDefault.m */ = {isa = PBXFileReference; fileEncoding = 4; lastKnownFileType = sourcecode.c.objc; path = SmartSecDefault.m; sourceTree = "<group>"; };
		B2E50A321AC31A7100BBD5CA /* DebugCheck1.h */ = {isa = PBXFileReference; fileEncoding = 4; lastKnownFileType = sourcecode.c.h; path = DebugCheck1.h; sourceTree = "<group>"; };
		B2E50A331AC31A7100BBD5CA /* DebugCheck1.m */ = {isa = PBXFileReference; fileEncoding = 4; lastKnownFileType = sourcecode.c.objc; path = DebugCheck1.m; sourceTree = "<group>"; };
		B2E50A361AC31ADB00BBD5CA /* DebugCheck2.h */ = {isa = PBXFileReference; fileEncoding = 4; lastKnownFileType = sourcecode.c.h; path = DebugCheck2.h; sourceTree = "<group>"; };
		B2E50A371AC31ADB00BBD5CA /* DebugCheck2.m */ = {isa = PBXFileReference; fileEncoding = 4; lastKnownFileType = sourcecode.c.objc; path = DebugCheck2.m; sourceTree = "<group>"; };
		B2E50A3B1AC31DBF00BBD5CA /* NSMutableDictionary+ArrayValue.h */ = {isa = PBXFileReference; fileEncoding = 4; lastKnownFileType = sourcecode.c.h; path = "NSMutableDictionary+ArrayValue.h"; sourceTree = "<group>"; };
		B2E50A3C1AC31DBF00BBD5CA /* NSMutableDictionary+ArrayValue.m */ = {isa = PBXFileReference; fileEncoding = 4; lastKnownFileType = sourcecode.c.objc; path = "NSMutableDictionary+ArrayValue.m"; sourceTree = "<group>"; };
		B2E50A431AC33C4A00BBD5CA /* SmartSecConfig.h */ = {isa = PBXFileReference; fileEncoding = 4; lastKnownFileType = sourcecode.c.h; path = SmartSecConfig.h; sourceTree = "<group>"; };
		B2E50A441AC33C4A00BBD5CA /* SmartSecConfig.m */ = {isa = PBXFileReference; fileEncoding = 4; lastKnownFileType = sourcecode.c.objc; path = SmartSecConfig.m; sourceTree = "<group>"; };
		B2F4BCE41ADAB5D200F94BE9 /* LOOCryptString.h */ = {isa = PBXFileReference; fileEncoding = 4; lastKnownFileType = sourcecode.c.h; path = LOOCryptString.h; sourceTree = "<group>"; };
		B2F4BCE51ADAB5D200F94BE9 /* LOOCryptString.m */ = {isa = PBXFileReference; fileEncoding = 4; lastKnownFileType = sourcecode.c.objc; path = LOOCryptString.m; sourceTree = "<group>"; };
		B2F4BCEC1ADAB72500F94BE9 /* UAObfuscatedString.h */ = {isa = PBXFileReference; fileEncoding = 4; lastKnownFileType = sourcecode.c.h; path = UAObfuscatedString.h; sourceTree = "<group>"; };
		B2F4BCED1ADAB72500F94BE9 /* UAObfuscatedString.m */ = {isa = PBXFileReference; fileEncoding = 4; lastKnownFileType = sourcecode.c.objc; path = UAObfuscatedString.m; sourceTree = "<group>"; };
		B2FB2EEE1AD894380062A1FF /* Crypto.h */ = {isa = PBXFileReference; lastKnownFileType = sourcecode.c.h; path = Crypto.h; sourceTree = "<group>"; };
		B2FB708B1ADAE29000FD0F87 /* MemoryCheck.h */ = {isa = PBXFileReference; fileEncoding = 4; lastKnownFileType = sourcecode.c.h; path = MemoryCheck.h; sourceTree = "<group>"; };
		B2FB708C1ADAE29000FD0F87 /* MemoryCheck.m */ = {isa = PBXFileReference; fileEncoding = 4; lastKnownFileType = sourcecode.c.objc; path = MemoryCheck.m; sourceTree = "<group>"; };
/* End PBXFileReference section */

/* Begin PBXFrameworksBuildPhase section */
		B2D24A001A90C42900FA8CEA /* Frameworks */ = {
			isa = PBXFrameworksBuildPhase;
			buildActionMask = 2147483647;
			files = (
				B262C8801AC575D7009E090F /* Security.framework in Frameworks */,
				B2D73A3B1AAF7D3E00F8BB26 /* UIKit.framework in Frameworks */,
			);
			runOnlyForDeploymentPostprocessing = 0;
		};
		B2D24A0C1A90C42A00FA8CEA /* Frameworks */ = {
			isa = PBXFrameworksBuildPhase;
			buildActionMask = 2147483647;
			files = (
				B2D24A101A90C42A00FA8CEA /* SmartSec.framework in Frameworks */,
			);
			runOnlyForDeploymentPostprocessing = 0;
		};
/* End PBXFrameworksBuildPhase section */

/* Begin PBXGroup section */
		B223260A1AD423C80075FC62 /* UITextField */ = {
			isa = PBXGroup;
			children = (
				B223260B1AD423E50075FC62 /* UITextField+SecText.h */,
				B223260C1AD423E50075FC62 /* UITextField+SecText.m */,
				B223260F1AD423F30075FC62 /* UIView+SecText.h */,
				B22326101AD423F30075FC62 /* UIView+SecText.m */,
				B22326131AD43B670075FC62 /* UIViewController+SecText.h */,
				B22326141AD43B670075FC62 /* UIViewController+SecText.m */,
				B22326231AD47F6F0075FC62 /* UIApplication+SecText.h */,
				B22326241AD47F6F0075FC62 /* UIApplication+SecText.m */,
			);
			path = UITextField;
			sourceTree = "<group>";
		};
		B223261E1AD47B470075FC62 /* Screenshot */ = {
			isa = PBXGroup;
			children = (
				B223261F1AD47B580075FC62 /* UIApplication+TopController.h */,
				B22326201AD47B580075FC62 /* UIApplication+TopController.m */,
			);
			path = Screenshot;
			sourceTree = "<group>";
		};
		B22326271AD538C50075FC62 /* SSL */ = {
			isa = PBXGroup;
			children = (
				B22326311AD599380075FC62 /* NSString+Hash.h */,
				B22326321AD599380075FC62 /* NSString+Hash.m */,
				B223263C1AD59FE20075FC62 /* NSURLConnection+Sec.h */,
				B223263D1AD59FE20075FC62 /* NSURLConnection+Sec.m */,
			);
			path = SSL;
			sourceTree = "<group>";
		};
		B22326371AD59FB00075FC62 /* SSL */ = {
			isa = PBXGroup;
			children = (
				B22326381AD59FC50075FC62 /* PinnedURLConnectionHandler.h */,
				B22326391AD59FC50075FC62 /* PinnedURLConnectionHandler.m */,
			);
			path = SSL;
			sourceTree = "<group>";
		};
		B22327101AD6A64B0075FC62 /* WebView */ = {
			isa = PBXGroup;
			children = (
				B22327111AD6A6670075FC62 /* UIWebView+BaseUrl.h */,
				B22327121AD6A6670075FC62 /* UIWebView+BaseUrl.m */,
				B2C83C111AD82792003B7C16 /* UIWebView+Sec.h */,
				B2C83C121AD82792003B7C16 /* UIWebView+Sec.m */,
				B233D7881AD85320001D33EA /* WKWebView+Callbacks.h */,
				B233D7891AD85320001D33EA /* WKWebView+Callbacks.m */,
				B233D78C1AD85329001D33EA /* WKWebView+Sec.h */,
				B233D78D1AD85329001D33EA /* WKWebView+Sec.m */,
			);
			path = WebView;
			sourceTree = "<group>";
		};
		B233D7901AD87A41001D33EA /* URL Schemes */ = {
			isa = PBXGroup;
			children = (
				B233D7911AD87A81001D33EA /* UIApplication+WhiteList.h */,
				B233D7921AD87A81001D33EA /* UIApplication+WhiteList.m */,
			);
			path = "URL Schemes";
			sourceTree = "<group>";
		};
		B24FC8E21AC831A200474510 /* Core Data */ = {
			isa = PBXGroup;
			children = (
				B24FC8E31AC831F200474510 /* BaseCoreDataTransformer.h */,
				B24FC8E41AC831F200474510 /* BaseCoreDataTransformer.m */,
			);
			path = "Core Data";
			sourceTree = "<group>";
		};
		B262C82F1AC419BF009E090F /* jailbreak */ = {
			isa = PBXGroup;
			children = (
				B262C8301AC41B3D009E090F /* JailbreakCheck1.h */,
				B262C8311AC41B3D009E090F /* JailbreakCheck1.m */,
				B262C8431AC4676A009E090F /* JailbreakCheck2.h */,
				B262C8441AC4676A009E090F /* JailbreakCheck2.m */,
			);
			path = jailbreak;
			sourceTree = "<group>";
		};
		B262C84B1AC47203009E090F /* integrity */ = {
			isa = PBXGroup;
			children = (
				B262C84C1AC4720F009E090F /* IntegrityCheck1.h */,
				B262C84D1AC4720F009E090F /* IntegrityCheck1.m */,
				B262C8501AC4728B009E090F /* IntegrityCheck2.h */,
				B262C8511AC4728B009E090F /* IntegrityCheck2.m */,
			);
			path = integrity;
			sourceTree = "<group>";
		};
		B262C8641AC56641009E090F /* NSUSerDefaults */ = {
			isa = PBXGroup;
			children = (
				B262C8651AC56657009E090F /* NSUserDefaults+Sec.h */,
				B262C8661AC56657009E090F /* NSUserDefaults+Sec.m */,
			);
			path = NSUSerDefaults;
			sourceTree = "<group>";
		};
		B262C8691AC57593009E090F /* external */ = {
			isa = PBXGroup;
			children = (
				B2F4BCE31ADAB5BA00F94BE9 /* strings */,
				B262C8831AC5C7B0009E090F /* xxHash */,
				B262C86A1AC57593009E090F /* rncryptor */,
			);
			path = external;
			sourceTree = "<group>";
		};
		B262C86A1AC57593009E090F /* rncryptor */ = {
			isa = PBXGroup;
			children = (
				B262C86B1AC57593009E090F /* RNCryptor+Private.h */,
				B262C86C1AC57593009E090F /* RNCryptor-Prefix.pch */,
				B262C86D1AC57593009E090F /* RNCryptor.h */,
				B262C86E1AC57593009E090F /* RNCryptor.m */,
				B262C86F1AC57593009E090F /* RNCryptorEngine.h */,
				B262C8701AC57593009E090F /* RNCryptorEngine.m */,
				B262C8711AC57593009E090F /* RNDecryptor.h */,
				B262C8721AC57593009E090F /* RNDecryptor.m */,
				B262C8731AC57593009E090F /* RNEncryptor.h */,
				B262C8741AC57593009E090F /* RNEncryptor.m */,
			);
			path = rncryptor;
			sourceTree = "<group>";
		};
		B262C8831AC5C7B0009E090F /* xxHash */ = {
			isa = PBXGroup;
			children = (
				B262C8841AC5C7EB009E090F /* xxhash.c */,
				B262C8851AC5C7EB009E090F /* xxhash.h */,
				B262C8861AC5C7EB009E090F /* xxhsum.c */,
			);
			path = xxHash;
			sourceTree = "<group>";
		};
		B262C88E1AC6C52D009E090F /* Encrypted Files */ = {
			isa = PBXGroup;
			children = (
				B262C88F1AC6C547009E090F /* NSData+Sec.h */,
				B262C8901AC6C547009E090F /* NSData+Sec.m */,
				B262C8951AC710FD009E090F /* NSFileManager+Sec.h */,
				B262C8961AC710FD009E090F /* NSFileManager+Sec.m */,
				B262C8991AC72CF0009E090F /* NSString+Sec.h */,
				B262C89A1AC72CF0009E090F /* NSString+Sec.m */,
				B262C89D1AC72D38009E090F /* NSArray+Sec.h */,
				B262C89E1AC72D38009E090F /* NSArray+Sec.m */,
				B262C8A11AC72D49009E090F /* NSDictionary+Sec.h */,
				B262C8A21AC72D49009E090F /* NSDictionary+Sec.m */,
				B262C8A51AC72D54009E090F /* UIImage+Sec.h */,
				B262C8A61AC72D54009E090F /* UIImage+Sec.m */,
			);
			path = "Encrypted Files";
			sourceTree = "<group>";
		};
		B280F1951AB0964300DC28FC /* crypto */ = {
			isa = PBXGroup;
			children = (
				B24FC8E21AC831A200474510 /* Core Data */,
				B262C85F1AC56542009E090F /* CryptoManager.h */,
				B262C8601AC56542009E090F /* CryptoManager.m */,
			);
			path = crypto;
			sourceTree = "<group>";
		};
		B2C83C0C1AD715B9003B7C16 /* whitelist */ = {
			isa = PBXGroup;
			children = (
				B2C83C0D1AD71662003B7C16 /* URLWhitelist.h */,
				B2C83C0E1AD71662003B7C16 /* URLWhitelist.m */,
				B2C83C151AD83260003B7C16 /* WebViewDelegate.h */,
				B2C83C161AD83260003B7C16 /* WebViewDelegate.m */,
				B233D7841AD8526F001D33EA /* WKWebViewNavigationDelegate.h */,
				B233D7851AD8526F001D33EA /* WKWebViewNavigationDelegate.m */,
			);
			path = whitelist;
			sourceTree = "<group>";
		};
		B2D249FA1A90C42900FA8CEA = {
			isa = PBXGroup;
			children = (
				B262C87F1AC575D7009E090F /* Security.framework */,
				B2D73A3A1AAF7D3E00F8BB26 /* UIKit.framework */,
				B2D24A061A90C42900FA8CEA /* SmartSec */,
				B2D24A131A90C42A00FA8CEA /* SmartSecTests */,
				B2D24A051A90C42900FA8CEA /* Products */,
			);
			sourceTree = "<group>";
		};
		B2D24A051A90C42900FA8CEA /* Products */ = {
			isa = PBXGroup;
			children = (
				B2D24A041A90C42900FA8CEA /* SmartSec.framework */,
				B2D24A0F1A90C42A00FA8CEA /* SmartSecTests.xctest */,
			);
			name = Products;
			sourceTree = "<group>";
		};
		B2D24A061A90C42900FA8CEA /* SmartSec */ = {
			isa = PBXGroup;
			children = (
				B2D24A091A90C42900FA8CEA /* SmartSec.h */,
				B2FB2EEE1AD894380062A1FF /* Crypto.h */,
				B22326171AD478990075FC62 /* SecImports.h */,
				B2D73A391AAF74EA00F8BB26 /* Defines.h */,
				B2E50A421AC33C2C00BBD5CA /* config */,
				B2C83C0C1AD715B9003B7C16 /* whitelist */,
				B22326371AD59FB00075FC62 /* SSL */,
				B280F1951AB0964300DC28FC /* crypto */,
				B2D73A411AAF887300F8BB26 /* checks */,
				B2D73A3C1AAF821600F8BB26 /* categories */,
				B2E50A3A1AC31D9F00BBD5CA /* general */,
				B262C8691AC57593009E090F /* external */,
				B2D24A261A90C6A600FA8CEA /* SmartSecConfigurable.h */,
				B2D24A271A90C6A600FA8CEA /* SmartSecConfigurable.m */,
				B2E50A2D1AC2FC2100BBD5CA /* SmartSecDefault.h */,
				B2E50A2E1AC2FC2100BBD5CA /* SmartSecDefault.m */,
				B2D24A071A90C42900FA8CEA /* Supporting Files */,
			);
			path = SmartSec;
			sourceTree = "<group>";
		};
		B2D24A071A90C42900FA8CEA /* Supporting Files */ = {
			isa = PBXGroup;
			children = (
				B2D24A081A90C42900FA8CEA /* Info.plist */,
			);
			name = "Supporting Files";
			sourceTree = "<group>";
		};
		B2D24A131A90C42A00FA8CEA /* SmartSecTests */ = {
			isa = PBXGroup;
			children = (
				B262C88A1AC5D74A009E090F /* NSUserDefaultsTest.m */,
				B262C8931AC6FBF3009E090F /* NSDataTest.m */,
				B262C8AD1AC7365D009E090F /* NSArrayTest.m */,
				B262C8B11AC73678009E090F /* NSMutableArrayTest.m */,
				B262C8AF1AC7366A009E090F /* NSDictionaryTest.m */,
				B262C8B51AC74812009E090F /* NSStringTest.m */,
				B2D24A141A90C42A00FA8CEA /* Supporting Files */,
			);
			path = SmartSecTests;
			sourceTree = "<group>";
		};
		B2D24A141A90C42A00FA8CEA /* Supporting Files */ = {
			isa = PBXGroup;
			children = (
				B2D24A151A90C42A00FA8CEA /* Info.plist */,
			);
			name = "Supporting Files";
			sourceTree = "<group>";
		};
		B2D73A3C1AAF821600F8BB26 /* categories */ = {
			isa = PBXGroup;
			children = (
				B233D7901AD87A41001D33EA /* URL Schemes */,
				B22327101AD6A64B0075FC62 /* WebView */,
				B22326271AD538C50075FC62 /* SSL */,
				B223261E1AD47B470075FC62 /* Screenshot */,
				B223260A1AD423C80075FC62 /* UITextField */,
				B262C88E1AC6C52D009E090F /* Encrypted Files */,
				B262C8641AC56641009E090F /* NSUSerDefaults */,
				B280F18A1AB0689700DC28FC /* NSObject+State.h */,
				B280F18B1AB0689700DC28FC /* NSObject+State.m */,
				B2D73A3D1AAF82AA00F8BB26 /* UIApplication+Sec.h */,
				B2D73A3E1AAF82AA00F8BB26 /* UIApplication+Sec.m */,
				B280F1961AB0974300DC28FC /* UIViewController+Sec.h */,
				B280F1971AB0974300DC28FC /* UIViewController+Sec.m */,
				B262C8381AC43781009E090F /* UIWindow+Sec.h */,
				B262C8391AC43781009E090F /* UIWindow+Sec.m */,
				B262C8471AC46C1D009E090F /* UINavigationController+Sec.h */,
				B262C8481AC46C1D009E090F /* UINavigationController+Sec.m */,
			);
			path = categories;
			sourceTree = "<group>";
		};
		B2D73A411AAF887300F8BB26 /* checks */ = {
			isa = PBXGroup;
			children = (
				B280F1881AB0625A00DC28FC /* OnStateChangeListener.h */,
				B280F1921AB06D3F00DC28FC /* BaseChecksTemplate.h */,
				B262C84B1AC47203009E090F /* integrity */,
				B262C82F1AC419BF009E090F /* jailbreak */,
				B2E50A311AC31A4E00BBD5CA /* debug */,
			);
			path = checks;
			sourceTree = "<group>";
		};
		B2E50A311AC31A4E00BBD5CA /* debug */ = {
			isa = PBXGroup;
			children = (
				B2E50A321AC31A7100BBD5CA /* DebugCheck1.h */,
				B2E50A331AC31A7100BBD5CA /* DebugCheck1.m */,
				B2E50A361AC31ADB00BBD5CA /* DebugCheck2.h */,
				B2E50A371AC31ADB00BBD5CA /* DebugCheck2.m */,
			);
			path = debug;
			sourceTree = "<group>";
		};
		B2E50A3A1AC31D9F00BBD5CA /* general */ = {
			isa = PBXGroup;
			children = (
				B2E50A3B1AC31DBF00BBD5CA /* NSMutableDictionary+ArrayValue.h */,
				B2E50A3C1AC31DBF00BBD5CA /* NSMutableDictionary+ArrayValue.m */,
				B223261A1AD47A3D0075FC62 /* SecLog.h */,
				B223261B1AD47A3D0075FC62 /* SecLog.m */,
				B2FB708B1ADAE29000FD0F87 /* MemoryCheck.h */,
				B2FB708C1ADAE29000FD0F87 /* MemoryCheck.m */,
			);
			path = general;
			sourceTree = "<group>";
		};
		B2E50A421AC33C2C00BBD5CA /* config */ = {
			isa = PBXGroup;
			children = (
				B2E50A431AC33C4A00BBD5CA /* SmartSecConfig.h */,
				B2E50A441AC33C4A00BBD5CA /* SmartSecConfig.m */,
			);
			path = config;
			sourceTree = "<group>";
		};
		B2F4BCE31ADAB5BA00F94BE9 /* strings */ = {
			isa = PBXGroup;
			children = (
				B2F4BCE41ADAB5D200F94BE9 /* LOOCryptString.h */,
				B2F4BCE51ADAB5D200F94BE9 /* LOOCryptString.m */,
				B2F4BCEC1ADAB72500F94BE9 /* UAObfuscatedString.h */,
				B2F4BCED1ADAB72500F94BE9 /* UAObfuscatedString.m */,
			);
			path = strings;
			sourceTree = "<group>";
		};
/* End PBXGroup section */

/* Begin PBXHeadersBuildPhase section */
		B2D24A011A90C42900FA8CEA /* Headers */ = {
			isa = PBXHeadersBuildPhase;
			buildActionMask = 2147483647;
			files = (
				B2F4BCEE1ADAB72500F94BE9 /* UAObfuscatedString.h in Headers */,
				B2FB708D1ADAE29000FD0F87 /* MemoryCheck.h in Headers */,
				B22326181AD479070075FC62 /* SecImports.h in Headers */,
				B22326111AD423F30075FC62 /* UIView+SecText.h in Headers */,
				B22326151AD43B670075FC62 /* UIViewController+SecText.h in Headers */,
				B223260D1AD423E50075FC62 /* UITextField+SecText.h in Headers */,
				B233D78A1AD85320001D33EA /* WKWebView+Callbacks.h in Headers */,
				B2E50A451AC33C4A00BBD5CA /* SmartSecConfig.h in Headers */,
				B262C89F1AC72D38009E090F /* NSArray+Sec.h in Headers */,
				B262C87B1AC57593009E090F /* RNDecryptor.h in Headers */,
				B262C83C1AC445C1009E090F /* Defines.h in Headers */,
				B22326211AD47B580075FC62 /* UIApplication+TopController.h in Headers */,
				B2F4BCE61ADAB5D200F94BE9 /* LOOCryptString.h in Headers */,
				B262C8751AC57593009E090F /* RNCryptor+Private.h in Headers */,
				B262C8A71AC72D54009E090F /* UIImage+Sec.h in Headers */,
				B2E50A3D1AC31DBF00BBD5CA /* NSMutableDictionary+ArrayValue.h in Headers */,
				B233D78E1AD85329001D33EA /* WKWebView+Sec.h in Headers */,
				B262C8761AC57593009E090F /* RNCryptor-Prefix.pch in Headers */,
				B2FB2EEF1AD8948D0062A1FF /* Crypto.h in Headers */,
				B262C8791AC57593009E090F /* RNCryptorEngine.h in Headers */,
				B22326331AD599380075FC62 /* NSString+Hash.h in Headers */,
				B2C83C0F1AD71662003B7C16 /* URLWhitelist.h in Headers */,
				B262C8A31AC72D49009E090F /* NSDictionary+Sec.h in Headers */,
				B223263A1AD59FC50075FC62 /* PinnedURLConnectionHandler.h in Headers */,
				B262C89B1AC72CF0009E090F /* NSString+Sec.h in Headers */,
				B223261C1AD47A3D0075FC62 /* SecLog.h in Headers */,
				B262C8911AC6C547009E090F /* NSData+Sec.h in Headers */,
				B24FC8E51AC831F200474510 /* BaseCoreDataTransformer.h in Headers */,
				B262C8671AC56657009E090F /* NSUserDefaults+Sec.h in Headers */,
				B262C8321AC41B3D009E090F /* JailbreakCheck1.h in Headers */,
				B262C8881AC5C7EB009E090F /* xxhash.h in Headers */,
				B22326251AD47F6F0075FC62 /* UIApplication+SecText.h in Headers */,
				B223263E1AD59FE20075FC62 /* NSURLConnection+Sec.h in Headers */,
				B233D7861AD8526F001D33EA /* WKWebViewNavigationDelegate.h in Headers */,
				B262C8971AC710FD009E090F /* NSFileManager+Sec.h in Headers */,
				B2D24A281A90C6A600FA8CEA /* SmartSecConfigurable.h in Headers */,
				B2D73A3F1AAF82AA00F8BB26 /* UIApplication+Sec.h in Headers */,
				B262C8521AC4728B009E090F /* IntegrityCheck2.h in Headers */,
				B233D7931AD87A81001D33EA /* UIApplication+WhiteList.h in Headers */,
				B262C87D1AC57593009E090F /* RNEncryptor.h in Headers */,
				B262C8451AC4676A009E090F /* JailbreakCheck2.h in Headers */,
				B2E50A2F1AC2FC2100BBD5CA /* SmartSecDefault.h in Headers */,
				B2E50A341AC31A7100BBD5CA /* DebugCheck1.h in Headers */,
				B262C8611AC56542009E090F /* CryptoManager.h in Headers */,
				B280F1981AB0974300DC28FC /* UIViewController+Sec.h in Headers */,
				B280F18C1AB0689700DC28FC /* NSObject+State.h in Headers */,
				B262C84E1AC4720F009E090F /* IntegrityCheck1.h in Headers */,
				B2D24A0A1A90C42900FA8CEA /* SmartSec.h in Headers */,
				B2C83C131AD82792003B7C16 /* UIWebView+Sec.h in Headers */,
				B280F1891AB0625A00DC28FC /* OnStateChangeListener.h in Headers */,
				B2C83C171AD83260003B7C16 /* WebViewDelegate.h in Headers */,
				B22327131AD6A6670075FC62 /* UIWebView+BaseUrl.h in Headers */,
				B2E50A381AC31ADB00BBD5CA /* DebugCheck2.h in Headers */,
				B262C83A1AC43781009E090F /* UIWindow+Sec.h in Headers */,
				B262C8491AC46C1D009E090F /* UINavigationController+Sec.h in Headers */,
				B280F1931AB06D3F00DC28FC /* BaseChecksTemplate.h in Headers */,
				B262C8771AC57593009E090F /* RNCryptor.h in Headers */,
			);
			runOnlyForDeploymentPostprocessing = 0;
		};
/* End PBXHeadersBuildPhase section */

/* Begin PBXNativeTarget section */
		B2D24A031A90C42900FA8CEA /* SmartSec */ = {
			isa = PBXNativeTarget;
			buildConfigurationList = B2D24A1A1A90C42A00FA8CEA /* Build configuration list for PBXNativeTarget "SmartSec" */;
			buildPhases = (
				B2D249FF1A90C42900FA8CEA /* Sources */,
				B2D24A001A90C42900FA8CEA /* Frameworks */,
				B2D24A011A90C42900FA8CEA /* Headers */,
				B2D24A021A90C42900FA8CEA /* Resources */,
			);
			buildRules = (
			);
			dependencies = (
			);
			name = SmartSec;
			productName = SmartSec;
			productReference = B2D24A041A90C42900FA8CEA /* SmartSec.framework */;
			productType = "com.apple.product-type.framework";
		};
		B2D24A0E1A90C42A00FA8CEA /* SmartSecTests */ = {
			isa = PBXNativeTarget;
			buildConfigurationList = B2D24A1D1A90C42A00FA8CEA /* Build configuration list for PBXNativeTarget "SmartSecTests" */;
			buildPhases = (
				B2D24A0B1A90C42A00FA8CEA /* Sources */,
				B2D24A0C1A90C42A00FA8CEA /* Frameworks */,
				B2D24A0D1A90C42A00FA8CEA /* Resources */,
			);
			buildRules = (
			);
			dependencies = (
				B2D24A121A90C42A00FA8CEA /* PBXTargetDependency */,
			);
			name = SmartSecTests;
			productName = SmartSecTests;
			productReference = B2D24A0F1A90C42A00FA8CEA /* SmartSecTests.xctest */;
			productType = "com.apple.product-type.bundle.unit-test";
		};
/* End PBXNativeTarget section */

/* Begin PBXProject section */
		B2D249FB1A90C42900FA8CEA /* Project object */ = {
			isa = PBXProject;
			attributes = {
				LastUpgradeCheck = 0610;
				ORGANIZATIONNAME = "Olga Dalton";
				TargetAttributes = {
					B2D24A031A90C42900FA8CEA = {
						CreatedOnToolsVersion = 6.1.1;
					};
					B2D24A0E1A90C42A00FA8CEA = {
						CreatedOnToolsVersion = 6.1.1;
					};
				};
			};
			buildConfigurationList = B2D249FE1A90C42900FA8CEA /* Build configuration list for PBXProject "SmartSec" */;
			compatibilityVersion = "Xcode 3.2";
			developmentRegion = English;
			hasScannedForEncodings = 0;
			knownRegions = (
				en,
			);
			mainGroup = B2D249FA1A90C42900FA8CEA;
			productRefGroup = B2D24A051A90C42900FA8CEA /* Products */;
			projectDirPath = "";
			projectRoot = "";
			targets = (
				B2D24A031A90C42900FA8CEA /* SmartSec */,
				B2D24A0E1A90C42A00FA8CEA /* SmartSecTests */,
			);
		};
/* End PBXProject section */

/* Begin PBXResourcesBuildPhase section */
		B2D24A021A90C42900FA8CEA /* Resources */ = {
			isa = PBXResourcesBuildPhase;
			buildActionMask = 2147483647;
			files = (
			);
			runOnlyForDeploymentPostprocessing = 0;
		};
		B2D24A0D1A90C42A00FA8CEA /* Resources */ = {
			isa = PBXResourcesBuildPhase;
			buildActionMask = 2147483647;
			files = (
			);
			runOnlyForDeploymentPostprocessing = 0;
		};
/* End PBXResourcesBuildPhase section */

/* Begin PBXSourcesBuildPhase section */
		B2D249FF1A90C42900FA8CEA /* Sources */ = {
			isa = PBXSourcesBuildPhase;
			buildActionMask = 2147483647;
			files = (
				B262C8921AC6C547009E090F /* NSData+Sec.m in Sources */,
				B22326161AD43B670075FC62 /* UIViewController+SecText.m in Sources */,
				B223263F1AD59FE20075FC62 /* NSURLConnection+Sec.m in Sources */,
				B262C83B1AC43781009E090F /* UIWindow+Sec.m in Sources */,
				B262C87C1AC57593009E090F /* RNDecryptor.m in Sources */,
				B262C8681AC56657009E090F /* NSUserDefaults+Sec.m in Sources */,
				B280F1991AB0974300DC28FC /* UIViewController+Sec.m in Sources */,
				B262C8461AC4676A009E090F /* JailbreakCheck2.m in Sources */,
				B22326341AD599380075FC62 /* NSString+Hash.m in Sources */,
				B262C8981AC710FD009E090F /* NSFileManager+Sec.m in Sources */,
				B262C8781AC57593009E090F /* RNCryptor.m in Sources */,
				B2C83C101AD71662003B7C16 /* URLWhitelist.m in Sources */,
				B2E50A461AC33C4A00BBD5CA /* SmartSecConfig.m in Sources */,
				B262C8A81AC72D54009E090F /* UIImage+Sec.m in Sources */,
				B233D7941AD87A81001D33EA /* UIApplication+WhiteList.m in Sources */,
				B2E50A301AC2FC2100BBD5CA /* SmartSecDefault.m in Sources */,
				B2C83C141AD82792003B7C16 /* UIWebView+Sec.m in Sources */,
				B262C87E1AC57593009E090F /* RNEncryptor.m in Sources */,
				B262C89C1AC72CF0009E090F /* NSString+Sec.m in Sources */,
				B2E50A411AC3219F00BBD5CA /* DebugCheck2.m in Sources */,
				B2E50A3E1AC31DBF00BBD5CA /* NSMutableDictionary+ArrayValue.m in Sources */,
				B22326221AD47B580075FC62 /* UIApplication+TopController.m in Sources */,
				B233D7871AD8526F001D33EA /* WKWebViewNavigationDelegate.m in Sources */,
				B2D24A291A90C6A600FA8CEA /* SmartSecConfigurable.m in Sources */,
				B2F4BCE71ADAB5D200F94BE9 /* LOOCryptString.m in Sources */,
				B2D73A401AAF82AA00F8BB26 /* UIApplication+Sec.m in Sources */,
				B262C84F1AC4720F009E090F /* IntegrityCheck1.m in Sources */,
				B262C8621AC56542009E090F /* CryptoManager.m in Sources */,
				B223263B1AD59FC50075FC62 /* PinnedURLConnectionHandler.m in Sources */,
				B22327141AD6A6670075FC62 /* UIWebView+BaseUrl.m in Sources */,
				B262C8A01AC72D38009E090F /* NSArray+Sec.m in Sources */,
				B2FB708E1ADAE29000FD0F87 /* MemoryCheck.m in Sources */,
				B262C87A1AC57593009E090F /* RNCryptorEngine.m in Sources */,
				B22326121AD423F30075FC62 /* UIView+SecText.m in Sources */,
				B2E50A401AC3219C00BBD5CA /* DebugCheck1.m in Sources */,
				B24FC8E61AC831F200474510 /* BaseCoreDataTransformer.m in Sources */,
				B2C83C181AD83260003B7C16 /* WebViewDelegate.m in Sources */,
				B262C8A41AC72D49009E090F /* NSDictionary+Sec.m in Sources */,
				B22326261AD47F6F0075FC62 /* UIApplication+SecText.m in Sources */,
				B262C8871AC5C7EB009E090F /* xxhash.c in Sources */,
				B223260E1AD423E50075FC62 /* UITextField+SecText.m in Sources */,
				B262C8531AC4728B009E090F /* IntegrityCheck2.m in Sources */,
				B262C8331AC41B3D009E090F /* JailbreakCheck1.m in Sources */,
				B262C84A1AC46C1D009E090F /* UINavigationController+Sec.m in Sources */,
				B2F4BCEF1ADAB72500F94BE9 /* UAObfuscatedString.m in Sources */,
				B233D78F1AD85329001D33EA /* WKWebView+Sec.m in Sources */,
				B223261D1AD47A3D0075FC62 /* SecLog.m in Sources */,
				B262C8891AC5C7EB009E090F /* xxhsum.c in Sources */,
				B233D78B1AD85320001D33EA /* WKWebView+Callbacks.m in Sources */,
				B280F18D1AB0689700DC28FC /* NSObject+State.m in Sources */,
			);
			runOnlyForDeploymentPostprocessing = 0;
		};
		B2D24A0B1A90C42A00FA8CEA /* Sources */ = {
			isa = PBXSourcesBuildPhase;
			buildActionMask = 2147483647;
			files = (
				B262C8B01AC7366A009E090F /* NSDictionaryTest.m in Sources */,
				B262C8B61AC74812009E090F /* NSStringTest.m in Sources */,
				B262C8AE1AC7365D009E090F /* NSArrayTest.m in Sources */,
				B262C8B21AC73678009E090F /* NSMutableArrayTest.m in Sources */,
				B262C8941AC6FBF3009E090F /* NSDataTest.m in Sources */,
				B262C88B1AC5D74A009E090F /* NSUserDefaultsTest.m in Sources */,
			);
			runOnlyForDeploymentPostprocessing = 0;
		};
/* End PBXSourcesBuildPhase section */

/* Begin PBXTargetDependency section */
		B2D24A121A90C42A00FA8CEA /* PBXTargetDependency */ = {
			isa = PBXTargetDependency;
			target = B2D24A031A90C42900FA8CEA /* SmartSec */;
			targetProxy = B2D24A111A90C42A00FA8CEA /* PBXContainerItemProxy */;
		};
/* End PBXTargetDependency section */

/* Begin XCBuildConfiguration section */
		B2D24A181A90C42A00FA8CEA /* Debug */ = {
			isa = XCBuildConfiguration;
			buildSettings = {
				ALWAYS_SEARCH_USER_PATHS = NO;
				CLANG_CXX_LANGUAGE_STANDARD = "gnu++0x";
				CLANG_CXX_LIBRARY = "libc++";
				CLANG_ENABLE_MODULES = YES;
				CLANG_ENABLE_OBJC_ARC = YES;
				CLANG_WARN_BOOL_CONVERSION = YES;
				CLANG_WARN_CONSTANT_CONVERSION = YES;
				CLANG_WARN_DIRECT_OBJC_ISA_USAGE = YES_ERROR;
				CLANG_WARN_EMPTY_BODY = YES;
				CLANG_WARN_ENUM_CONVERSION = YES;
				CLANG_WARN_INT_CONVERSION = YES;
				CLANG_WARN_OBJC_ROOT_CLASS = YES_ERROR;
				CLANG_WARN_UNREACHABLE_CODE = YES;
				CLANG_WARN__DUPLICATE_METHOD_MATCH = YES;
				"CODE_SIGN_IDENTITY[sdk=iphoneos*]" = "iPhone Developer";
				COPY_PHASE_STRIP = NO;
				CURRENT_PROJECT_VERSION = 1;
				ENABLE_STRICT_OBJC_MSGSEND = YES;
				GCC_C_LANGUAGE_STANDARD = gnu99;
				GCC_DYNAMIC_NO_PIC = NO;
				GCC_OPTIMIZATION_LEVEL = 0;
				GCC_PREPROCESSOR_DEFINITIONS = (
					"DEBUG=1",
					"$(inherited)",
				);
				GCC_SYMBOLS_PRIVATE_EXTERN = NO;
				GCC_WARN_64_TO_32_BIT_CONVERSION = YES;
				GCC_WARN_ABOUT_RETURN_TYPE = YES_ERROR;
				GCC_WARN_UNDECLARED_SELECTOR = YES;
				GCC_WARN_UNINITIALIZED_AUTOS = YES_AGGRESSIVE;
				GCC_WARN_UNUSED_FUNCTION = YES;
				GCC_WARN_UNUSED_VARIABLE = YES;
				IPHONEOS_DEPLOYMENT_TARGET = 8.1;
				MTL_ENABLE_DEBUG_INFO = YES;
				ONLY_ACTIVE_ARCH = YES;
				SDKROOT = iphoneos;
				TARGETED_DEVICE_FAMILY = "1,2";
				VERSIONING_SYSTEM = "apple-generic";
				VERSION_INFO_PREFIX = "";
			};
			name = Debug;
		};
		B2D24A191A90C42A00FA8CEA /* Release */ = {
			isa = XCBuildConfiguration;
			buildSettings = {
				ALWAYS_SEARCH_USER_PATHS = NO;
				CLANG_CXX_LANGUAGE_STANDARD = "gnu++0x";
				CLANG_CXX_LIBRARY = "libc++";
				CLANG_ENABLE_MODULES = YES;
				CLANG_ENABLE_OBJC_ARC = YES;
				CLANG_WARN_BOOL_CONVERSION = YES;
				CLANG_WARN_CONSTANT_CONVERSION = YES;
				CLANG_WARN_DIRECT_OBJC_ISA_USAGE = YES_ERROR;
				CLANG_WARN_EMPTY_BODY = YES;
				CLANG_WARN_ENUM_CONVERSION = YES;
				CLANG_WARN_INT_CONVERSION = YES;
				CLANG_WARN_OBJC_ROOT_CLASS = YES_ERROR;
				CLANG_WARN_UNREACHABLE_CODE = YES;
				CLANG_WARN__DUPLICATE_METHOD_MATCH = YES;
				"CODE_SIGN_IDENTITY[sdk=iphoneos*]" = "iPhone Developer";
				COPY_PHASE_STRIP = YES;
				CURRENT_PROJECT_VERSION = 1;
				ENABLE_NS_ASSERTIONS = NO;
				ENABLE_STRICT_OBJC_MSGSEND = YES;
				GCC_C_LANGUAGE_STANDARD = gnu99;
				GCC_WARN_64_TO_32_BIT_CONVERSION = YES;
				GCC_WARN_ABOUT_RETURN_TYPE = YES_ERROR;
				GCC_WARN_UNDECLARED_SELECTOR = YES;
				GCC_WARN_UNINITIALIZED_AUTOS = YES_AGGRESSIVE;
				GCC_WARN_UNUSED_FUNCTION = YES;
				GCC_WARN_UNUSED_VARIABLE = YES;
				IPHONEOS_DEPLOYMENT_TARGET = 8.1;
				MTL_ENABLE_DEBUG_INFO = NO;
				SDKROOT = iphoneos;
				TARGETED_DEVICE_FAMILY = "1,2";
				VALIDATE_PRODUCT = YES;
				VERSIONING_SYSTEM = "apple-generic";
				VERSION_INFO_PREFIX = "";
			};
			name = Release;
		};
		B2D24A1B1A90C42A00FA8CEA /* Debug */ = {
			isa = XCBuildConfiguration;
			buildSettings = {
				ARCHS = "$(ARCHS_STANDARD)";
				DEFINES_MODULE = YES;
				DEPLOYMENT_POSTPROCESSING = YES;
				DYLIB_COMPATIBILITY_VERSION = 1;
				DYLIB_CURRENT_VERSION = 1;
				DYLIB_INSTALL_NAME_BASE = "@rpath";
				INFOPLIST_FILE = SmartSec/Info.plist;
				INSTALL_PATH = "$(LOCAL_LIBRARY_DIR)/Frameworks";
				IPHONEOS_DEPLOYMENT_TARGET = 8.0;
				LD_RUNPATH_SEARCH_PATHS = "$(inherited) @executable_path/Frameworks @loader_path/Frameworks";
				PRODUCT_NAME = "$(TARGET_NAME)";
				SEPARATE_STRIP = YES;
				SKIP_INSTALL = YES;
				STRIP_STYLE = debugging;
			};
			name = Debug;
		};
		B2D24A1C1A90C42A00FA8CEA /* Release */ = {
			isa = XCBuildConfiguration;
			buildSettings = {
				ARCHS = "$(ARCHS_STANDARD)";
				DEFINES_MODULE = YES;
				DEPLOYMENT_POSTPROCESSING = YES;
				DYLIB_COMPATIBILITY_VERSION = 1;
				DYLIB_CURRENT_VERSION = 1;
				DYLIB_INSTALL_NAME_BASE = "@rpath";
				GCC_OPTIMIZATION_LEVEL = s;
				INFOPLIST_FILE = SmartSec/Info.plist;
				INSTALL_PATH = "$(LOCAL_LIBRARY_DIR)/Frameworks";
				IPHONEOS_DEPLOYMENT_TARGET = 8.0;
				LD_RUNPATH_SEARCH_PATHS = "$(inherited) @executable_path/Frameworks @loader_path/Frameworks";
				PRODUCT_NAME = "$(TARGET_NAME)";
				SEPARATE_STRIP = YES;
				SKIP_INSTALL = YES;
				STRIP_STYLE = "non-global";
			};
			name = Release;
		};
		B2D24A1E1A90C42A00FA8CEA /* Debug */ = {
			isa = XCBuildConfiguration;
			buildSettings = {
				FRAMEWORK_SEARCH_PATHS = (
					"$(SDKROOT)/Developer/Library/Frameworks",
					"$(inherited)",
				);
				GCC_PREPROCESSOR_DEFINITIONS = (
					"DEBUG=1",
					"$(inherited)",
				);
				INFOPLIST_FILE = SmartSecTests/Info.plist;
				LD_RUNPATH_SEARCH_PATHS = "$(inherited) @executable_path/Frameworks @loader_path/Frameworks";
				PRODUCT_NAME = "$(TARGET_NAME)";
			};
			name = Debug;
		};
		B2D24A1F1A90C42A00FA8CEA /* Release */ = {
			isa = XCBuildConfiguration;
			buildSettings = {
				FRAMEWORK_SEARCH_PATHS = (
					"$(SDKROOT)/Developer/Library/Frameworks",
					"$(inherited)",
				);
				INFOPLIST_FILE = SmartSecTests/Info.plist;
				LD_RUNPATH_SEARCH_PATHS = "$(inherited) @executable_path/Frameworks @loader_path/Frameworks";
				PRODUCT_NAME = "$(TARGET_NAME)";
			};
			name = Release;
		};
/* End XCBuildConfiguration section */

/* Begin XCConfigurationList section */
		B2D249FE1A90C42900FA8CEA /* Build configuration list for PBXProject "SmartSec" */ = {
			isa = XCConfigurationList;
			buildConfigurations = (
				B2D24A181A90C42A00FA8CEA /* Debug */,
				B2D24A191A90C42A00FA8CEA /* Release */,
			);
			defaultConfigurationIsVisible = 0;
			defaultConfigurationName = Release;
		};
		B2D24A1A1A90C42A00FA8CEA /* Build configuration list for PBXNativeTarget "SmartSec" */ = {
			isa = XCConfigurationList;
			buildConfigurations = (
				B2D24A1B1A90C42A00FA8CEA /* Debug */,
				B2D24A1C1A90C42A00FA8CEA /* Release */,
			);
			defaultConfigurationIsVisible = 0;
			defaultConfigurationName = Release;
		};
		B2D24A1D1A90C42A00FA8CEA /* Build configuration list for PBXNativeTarget "SmartSecTests" */ = {
			isa = XCConfigurationList;
			buildConfigurations = (
				B2D24A1E1A90C42A00FA8CEA /* Debug */,
				B2D24A1F1A90C42A00FA8CEA /* Release */,
			);
			defaultConfigurationIsVisible = 0;
			defaultConfigurationName = Release;
		};
/* End XCConfigurationList section */
	};
	rootObject = B2D249FB1A90C42900FA8CEA /* Project object */;
}
